<Solution>
  <Folder Name="/Solution Items/">
    <File Path=".gitignore" />
  </Folder>
  <Project Path="ClinicBooking.API/ClinicBooking.API.csproj" />
  <Project Path="ClinicBooking.Application/ClinicBooking.Application.csproj" />
  <Project Path="ClinicBooking.Domain/ClinicBooking.Domain.csproj" />
  <Project Path="ClinicBooking.Infrastructure/ClinicBooking.Infrastructure.csproj" />
</Solution>
